
Microsoft Visual Studio Solution File, Format Version 12.00
# Visual Studio Version 17
VisualStudioVersion = 17.4.33110.190
MinimumVisualStudioVersion = 10.0.40219.1
Project("{FAE04EC0-301F-11D3-BF4B-00C04F79EFBC}") = "API_Prueba_tecnica_Bureau", "API_Prueba_tecnica_Bureau\API_Prueba_tecnica_Bureau.csproj", "{981139E2-BDCB-452A-9BAD-3C2A1993E2F5}"
EndProject
Global
	GlobalSection(SolutionConfigurationPlatforms) = preSolution
		Debug|Any CPU = Debug|Any CPU
		Release|Any CPU = Release|Any CPU
	EndGlobalSection
	GlobalSection(ProjectConfigurationPlatforms) = postSolution
		{981139E2-BDCB-452A-9BAD-3C2A1993E2F5}.Debug|Any CPU.ActiveCfg = Debug|Any CPU
		{981139E2-BDCB-452A-9BAD-3C2A1993E2F5}.Debug|Any CPU.Build.0 = Debug|Any CPU
		{981139E2-BDCB-452A-9BAD-3C2A1993E2F5}.Release|Any CPU.ActiveCfg = Release|Any CPU
		{981139E2-BDCB-452A-9BAD-3C2A1993E2F5}.Release|Any CPU.Build.0 = Release|Any CPU
	EndGlobalSection
	GlobalSection(SolutionProperties) = preSolution
		HideSolutionNode = FALSE
	EndGlobalSection
	GlobalSection(ExtensibilityGlobals) = postSolution
		SolutionGuid = {6C457F4D-27C5-4BC3-B7D7-878CFD09BEC1}
	EndGlobalSection
EndGlobal
